
Microsoft Visual Studio Solution File, Format Version 12.00
# Visual Studio Version 16
VisualStudioVersion = 16.0.31424.327
MinimumVisualStudioVersion = 10.0.40219.1
Project("{8BC9CEB8-8B4A-11D0-8D11-00A0C91BC942}") = "11283", "11283.vcxproj", "{B8764F63-2DD3-43CB-94EE-C4ECA13FFE1D}"
EndProject
Global
	GlobalSection(SolutionConfigurationPlatforms) = preSolution
		Debug|x64 = Debug|x64
		Debug|x86 = Debug|x86
		Release|x64 = Release|x64
		Release|x86 = Release|x86
	EndGlobalSection
	GlobalSection(ProjectConfigurationPlatforms) = postSolution
		{B8764F63-2DD3-43CB-94EE-C4ECA13FFE1D}.Debug|x64.ActiveCfg = Debug|x64
		{B8764F63-2DD3-43CB-94EE-C4ECA13FFE1D}.Debug|x64.Build.0 = Debug|x64
		{B8764F63-2DD3-43CB-94EE-C4ECA13FFE1D}.Debug|x86.ActiveCfg = Debug|Win32
		{B8764F63-2DD3-43CB-94EE-C4ECA13FFE1D}.Debug|x86.Build.0 = Debug|Win32
		{B8764F63-2DD3-43CB-94EE-C4ECA13FFE1D}.Release|x64.ActiveCfg = Release|x64
		{B8764F63-2DD3-43CB-94EE-C4ECA13FFE1D}.Release|x64.Build.0 = Release|x64
		{B8764F63-2DD3-43CB-94EE-C4ECA13FFE1D}.Release|x86.ActiveCfg = Release|Win32
		{B8764F63-2DD3-43CB-94EE-C4ECA13FFE1D}.Release|x86.Build.0 = Release|Win32
	EndGlobalSection
	GlobalSection(SolutionProperties) = preSolution
		HideSolutionNode = FALSE
	EndGlobalSection
	GlobalSection(ExtensibilityGlobals) = postSolution
		SolutionGuid = {449BB3E6-4BB0-49B3-908A-5AF5F56260DC}
	EndGlobalSection
EndGlobal
